{
  "name": "sit_addons_test",
  "lockfileVersion": 3,
  "requires": true,
  "packages": {
    "": {
      "dependencies": {
        "leaflet": "^1.9.4",
        "leaflet.locatecontrol": "^0.90.0",
        "leaflet.markercluster": "^1.5.3",
        "select2": "^4.1.0",
        "select2-bootstrap-theme": "^0.1.0-beta.10"
      }
    },
    "node_modules/leaflet": {
      "version": "1.9.4",
      "resolved": "https://registry.npmjs.org/leaflet/-/leaflet-1.9.4.tgz",
      "integrity": "sha512-nxS1ynzJOmOlHp+iL3FyWqK89GtNL8U8rvlMOsQdTTssxZwCXh8N2NB3GDQOL+YR3XnWyZAxwQixURb+FA74PA=="
    },
    "node_modules/leaflet.locatecontrol": {
      "version": "0.90.0",
      "resolved": "https://registry.npmjs.org/leaflet.locatecontrol/-/leaflet.locatecontrol-0.90.0.tgz",
      "integrity": "sha512-yzgKyOXVRgALmo38ZhPf+2QgYE3pA/rrVSE0CyZhsSAzlnwPTZ1sfZLOFXTH20XLNNw1SX7AuMRLu0LZkWNakg==",
      "peerDependencies": {
        "leaflet": "^1.9.0 || >=2.0.0-alpha.1"
      }
    },
    "node_modules/leaflet.markercluster": {
      "version": "1.5.3",
      "resolved": "https://registry.npmjs.org/leaflet.markercluster/-/leaflet.markercluster-1.5.3.tgz",
      "integrity": "sha512-vPTw/Bndq7eQHjLBVlWpnGeLa3t+3zGiuM7fJwCkiMFq+nmRuG3RI3f7f4N4TDX7T4NpbAXpR2+NTRSEGfCSeA==",
      "peerDependencies": {
        "leaflet": "^1.3.1"
      }
    },
    "node_modules/select2": {
      "version": "4.1.0",
      "resolved": "https://registry.npmjs.org/select2/-/select2-4.1.0.tgz",
      "integrity": "sha512-i9KalWOP4/LRRGc8+rj2krNm0ZqP14cV+j1TRCEBSsOhCPkKH8rYZ2MCRXcgvqIqN+llqGci0hj9aVkCMvL0+g==",
      "engines": {
        "node": ">=24"
      }
    },
    "node_modules/select2-bootstrap-theme": {
      "version": "0.1.0-beta.10",
      "resolved": "https://registry.npmjs.org/select2-bootstrap-theme/-/select2-bootstrap-theme-0.1.0-beta.10.tgz",
      "integrity": "sha512-gc9Y9yNjkGRqeFmI/pAKyL4maMKH9VKAn62E+uF/hxz8FTmfuKH0sDEGhFhk3f8Jp+emtsDdK1c1nb6S51BV0Q=="
    }
  }
}
